
Microsoft Visual Studio Solution File, Format Version 12.00
# Visual Studio Version 17
VisualStudioVersion = 17.0.32014.148
MinimumVisualStudioVersion = 10.0.40219.1
Project("{E24C65DC-7377-472B-9ABA-BC803B73C61A}") = "Hotels-Booking", "..\..\..\Desktop\Hotels-Booking\", "{D3C12B85-3341-431E-8E56-B4FA02E15E98}"
	ProjectSection(WebsiteProperties) = preProject
		TargetFrameworkMoniker = ".NETFramework,Version%3Dv4.0"
		Debug.AspNetCompiler.VirtualPath = "/localhost_64705"
		Debug.AspNetCompiler.PhysicalPath = "..\..\..\Desktop\Hotels-Booking\"
		Debug.AspNetCompiler.TargetPath = "PrecompiledWeb\localhost_64705\"
		Debug.AspNetCompiler.Updateable = "true"
		Debug.AspNetCompiler.ForceOverwrite = "true"
		Debug.AspNetCompiler.FixedNames = "false"
		Debug.AspNetCompiler.Debug = "True"
		Release.AspNetCompiler.VirtualPath = "/localhost_64705"
		Release.AspNetCompiler.PhysicalPath = "..\..\..\Desktop\Hotels-Booking\"
		Release.AspNetCompiler.TargetPath = "PrecompiledWeb\localhost_64705\"
		Release.AspNetCompiler.Updateable = "true"
		Release.AspNetCompiler.ForceOverwrite = "true"
		Release.AspNetCompiler.FixedNames = "false"
		Release.AspNetCompiler.Debug = "False"
		VWDPort = "64705"
		SlnRelativePath = "..\..\..\Desktop\Hotels-Booking\"
	EndProjectSection
EndProject
Global
	GlobalSection(SolutionConfigurationPlatforms) = preSolution
		Debug|Any CPU = Debug|Any CPU
	EndGlobalSection
	GlobalSection(ProjectConfigurationPlatforms) = postSolution
		{D3C12B85-3341-431E-8E56-B4FA02E15E98}.Debug|Any CPU.ActiveCfg = Debug|Any CPU
		{D3C12B85-3341-431E-8E56-B4FA02E15E98}.Debug|Any CPU.Build.0 = Debug|Any CPU
	EndGlobalSection
	GlobalSection(SolutionProperties) = preSolution
		HideSolutionNode = FALSE
	EndGlobalSection
	GlobalSection(ExtensibilityGlobals) = postSolution
		SolutionGuid = {514EDE5E-2A21-4A6A-9BC2-C184CA88D4FA}
	EndGlobalSection
EndGlobal
